{
    "version": 3,
    "terraform_version": "0.11.8",
    "serial": 14,
    "lineage": "2f667f5b-b3cd-e4e3-eda0-ac79260d1267",
    "modules": [
        {
            "path": [
                "root"
            ],
            "outputs": {},
            "resources": {
                "azurerm_application_security_group.appasg": {
                    "type": "azurerm_application_security_group",
                    "depends_on": [
                        "azurerm_resource_group.terrarg"
                    ],
                    "primary": {
                        "id": "/subscriptions/80be8cb5-4c2f-4695-9630-d4ae00f82c2b/resourceGroups/terrarg/providers/Microsoft.Network/applicationSecurityGroups/appASG",
                        "attributes": {
                            "id": "/subscriptions/80be8cb5-4c2f-4695-9630-d4ae00f82c2b/resourceGroups/terrarg/providers/Microsoft.Network/applicationSecurityGroups/appASG",
                            "location": "southindia",
                            "name": "appASG",
                            "resource_group_name": "terrarg",
                            "tags.%": "1",
                            "tags.environment": "Terraform-Demo"
                        },
                        "meta": {},
                        "tainted": false
                    },
                    "deposed": [],
                    "provider": "provider.azurerm"
                },
                "azurerm_application_security_group.dbasg": {
                    "type": "azurerm_application_security_group",
                    "depends_on": [
                        "azurerm_resource_group.terrarg"
                    ],
                    "primary": {
                        "id": "/subscriptions/80be8cb5-4c2f-4695-9630-d4ae00f82c2b/resourceGroups/terrarg/providers/Microsoft.Network/applicationSecurityGroups/dbASG",
                        "attributes": {
                            "id": "/subscriptions/80be8cb5-4c2f-4695-9630-d4ae00f82c2b/resourceGroups/terrarg/providers/Microsoft.Network/applicationSecurityGroups/dbASG",
                            "location": "southindia",
                            "name": "dbASG",
                            "resource_group_name": "terrarg",
                            "tags.%": "1",
                            "tags.environment": "Terraform-Demo"
                        },
                        "meta": {},
                        "tainted": false
                    },
                    "deposed": [],
                    "provider": "provider.azurerm"
                },
                "azurerm_application_security_group.webasg": {
                    "type": "azurerm_application_security_group",
                    "depends_on": [
                        "azurerm_resource_group.terrarg"
                    ],
                    "primary": {
                        "id": "/subscriptions/80be8cb5-4c2f-4695-9630-d4ae00f82c2b/resourceGroups/terrarg/providers/Microsoft.Network/applicationSecurityGroups/webASG",
                        "attributes": {
                            "id": "/subscriptions/80be8cb5-4c2f-4695-9630-d4ae00f82c2b/resourceGroups/terrarg/providers/Microsoft.Network/applicationSecurityGroups/webASG",
                            "location": "southindia",
                            "name": "webASG",
                            "resource_group_name": "terrarg",
                            "tags.%": "1",
                            "tags.environment": "Terraform-Demo"
                        },
                        "meta": {},
                        "tainted": false
                    },
                    "deposed": [],
                    "provider": "provider.azurerm"
                },
                "azurerm_network_interface.appservernic": {
                    "type": "azurerm_network_interface",
                    "depends_on": [
                        "azurerm_resource_group.terrarg",
                        "azurerm_subnet.privatesnet1"
                    ],
                    "primary": {
                        "id": "/subscriptions/80be8cb5-4c2f-4695-9630-d4ae00f82c2b/resourceGroups/terrarg/providers/Microsoft.Network/networkInterfaces/appservernic",
                        "attributes": {
                            "applied_dns_servers.#": "0",
                            "dns_servers.#": "0",
                            "enable_accelerated_networking": "false",
                            "enable_ip_forwarding": "false",
                            "id": "/subscriptions/80be8cb5-4c2f-4695-9630-d4ae00f82c2b/resourceGroups/terrarg/providers/Microsoft.Network/networkInterfaces/appservernic",
                            "internal_dns_name_label": "",
                            "internal_fqdn": "",
                            "ip_configuration.#": "1",
                            "ip_configuration.0.application_gateway_backend_address_pools_ids.#": "0",
                            "ip_configuration.0.application_security_group_ids.#": "0",
                            "ip_configuration.0.load_balancer_backend_address_pools_ids.#": "0",
                            "ip_configuration.0.load_balancer_inbound_nat_rules_ids.#": "0",
                            "ip_configuration.0.name": "appserver_local_ip",
                            "ip_configuration.0.primary": "true",
                            "ip_configuration.0.private_ip_address": "",
                            "ip_configuration.0.private_ip_address_allocation": "dynamic",
                            "ip_configuration.0.private_ip_address_version": "IPv4",
                            "ip_configuration.0.public_ip_address_id": "",
                            "ip_configuration.0.subnet_id": "/subscriptions/80be8cb5-4c2f-4695-9630-d4ae00f82c2b/resourceGroups/terrarg/providers/Microsoft.Network/virtualNetworks/myterraformvnet/subnets/privatesnet1",
                            "location": "southindia",
                            "mac_address": "",
                            "name": "appservernic",
                            "network_security_group_id": "",
                            "private_ip_address": "10.0.1.4",
                            "private_ip_addresses.#": "1",
                            "private_ip_addresses.0": "10.0.1.4",
                            "resource_group_name": "terrarg",
                            "tags.%": "1",
                            "tags.environment": "Terraform-Demo"
                        },
                        "meta": {},
                        "tainted": false
                    },
                    "deposed": [],
                    "provider": "provider.azurerm"
                },
                "azurerm_network_interface.dbservernic": {
                    "type": "azurerm_network_interface",
                    "depends_on": [
                        "azurerm_resource_group.terrarg",
                        "azurerm_subnet.privatesnet2"
                    ],
                    "primary": {
                        "id": "/subscriptions/80be8cb5-4c2f-4695-9630-d4ae00f82c2b/resourceGroups/terrarg/providers/Microsoft.Network/networkInterfaces/dbservernic",
                        "attributes": {
                            "applied_dns_servers.#": "0",
                            "dns_servers.#": "0",
                            "enable_accelerated_networking": "false",
                            "enable_ip_forwarding": "false",
                            "id": "/subscriptions/80be8cb5-4c2f-4695-9630-d4ae00f82c2b/resourceGroups/terrarg/providers/Microsoft.Network/networkInterfaces/dbservernic",
                            "internal_dns_name_label": "",
                            "internal_fqdn": "",
                            "ip_configuration.#": "1",
                            "ip_configuration.0.application_gateway_backend_address_pools_ids.#": "0",
                            "ip_configuration.0.application_security_group_ids.#": "0",
                            "ip_configuration.0.load_balancer_backend_address_pools_ids.#": "0",
                            "ip_configuration.0.load_balancer_inbound_nat_rules_ids.#": "0",
                            "ip_configuration.0.name": "dbserver_local_ip",
                            "ip_configuration.0.primary": "true",
                            "ip_configuration.0.private_ip_address": "",
                            "ip_configuration.0.private_ip_address_allocation": "dynamic",
                            "ip_configuration.0.private_ip_address_version": "IPv4",
                            "ip_configuration.0.public_ip_address_id": "",
                            "ip_configuration.0.subnet_id": "/subscriptions/80be8cb5-4c2f-4695-9630-d4ae00f82c2b/resourceGroups/terrarg/providers/Microsoft.Network/virtualNetworks/myterraformvnet/subnets/privatesnet2",
                            "location": "southindia",
                            "mac_address": "",
                            "name": "dbservernic",
                            "network_security_group_id": "",
                            "private_ip_address": "10.0.2.4",
                            "private_ip_addresses.#": "1",
                            "private_ip_addresses.0": "10.0.2.4",
                            "resource_group_name": "terrarg",
                            "tags.%": "0"
                        },
                        "meta": {},
                        "tainted": false
                    },
                    "deposed": [],
                    "provider": "provider.azurerm"
                },
                "azurerm_network_interface.webservernic": {
                    "type": "azurerm_network_interface",
                    "depends_on": [
                        "azurerm_public_ip.webserver_ip",
                        "azurerm_resource_group.terrarg",
                        "azurerm_subnet.publicsnet1"
                    ],
                    "primary": {
                        "id": "/subscriptions/80be8cb5-4c2f-4695-9630-d4ae00f82c2b/resourceGroups/terrarg/providers/Microsoft.Network/networkInterfaces/webservernic",
                        "attributes": {
                            "applied_dns_servers.#": "0",
                            "dns_servers.#": "0",
                            "enable_accelerated_networking": "false",
                            "enable_ip_forwarding": "false",
                            "id": "/subscriptions/80be8cb5-4c2f-4695-9630-d4ae00f82c2b/resourceGroups/terrarg/providers/Microsoft.Network/networkInterfaces/webservernic",
                            "internal_dns_name_label": "",
                            "internal_fqdn": "",
                            "ip_configuration.#": "1",
                            "ip_configuration.0.application_gateway_backend_address_pools_ids.#": "0",
                            "ip_configuration.0.application_security_group_ids.#": "0",
                            "ip_configuration.0.load_balancer_backend_address_pools_ids.#": "0",
                            "ip_configuration.0.load_balancer_inbound_nat_rules_ids.#": "0",
                            "ip_configuration.0.name": "webserver_local_ip",
                            "ip_configuration.0.primary": "true",
                            "ip_configuration.0.private_ip_address": "",
                            "ip_configuration.0.private_ip_address_allocation": "dynamic",
                            "ip_configuration.0.private_ip_address_version": "IPv4",
                            "ip_configuration.0.public_ip_address_id": "/subscriptions/80be8cb5-4c2f-4695-9630-d4ae00f82c2b/resourceGroups/terrarg/providers/Microsoft.Network/publicIPAddresses/webserverIP",
                            "ip_configuration.0.subnet_id": "/subscriptions/80be8cb5-4c2f-4695-9630-d4ae00f82c2b/resourceGroups/terrarg/providers/Microsoft.Network/virtualNetworks/myterraformvnet/subnets/publicsnet1",
                            "location": "southindia",
                            "mac_address": "",
                            "name": "webservernic",
                            "network_security_group_id": "",
                            "private_ip_address": "10.0.0.4",
                            "private_ip_addresses.#": "1",
                            "private_ip_addresses.0": "10.0.0.4",
                            "resource_group_name": "terrarg",
                            "tags.%": "1",
                            "tags.environment": "Terraform-Demo"
                        },
                        "meta": {},
                        "tainted": false
                    },
                    "deposed": [],
                    "provider": "provider.azurerm"
                },
                "azurerm_network_interface_application_security_group_association.appnic_asg_mount": {
                    "type": "azurerm_network_interface_application_security_group_association",
                    "depends_on": [
                        "azurerm_application_security_group.appasg",
                        "azurerm_network_interface.appservernic"
                    ],
                    "primary": {
                        "id": "/subscriptions/80be8cb5-4c2f-4695-9630-d4ae00f82c2b/resourceGroups/terrarg/providers/Microsoft.Network/networkInterfaces/appservernic/ipConfigurations/appserver_local_ip|/subscriptions/80be8cb5-4c2f-4695-9630-d4ae00f82c2b/resourceGroups/terrarg/providers/Microsoft.Network/applicationSecurityGroups/appASG",
                        "attributes": {
                            "application_security_group_id": "/subscriptions/80be8cb5-4c2f-4695-9630-d4ae00f82c2b/resourceGroups/terrarg/providers/Microsoft.Network/applicationSecurityGroups/appASG",
                            "id": "/subscriptions/80be8cb5-4c2f-4695-9630-d4ae00f82c2b/resourceGroups/terrarg/providers/Microsoft.Network/networkInterfaces/appservernic/ipConfigurations/appserver_local_ip|/subscriptions/80be8cb5-4c2f-4695-9630-d4ae00f82c2b/resourceGroups/terrarg/providers/Microsoft.Network/applicationSecurityGroups/appASG",
                            "ip_configuration_name": "appserver_local_ip",
                            "network_interface_id": "/subscriptions/80be8cb5-4c2f-4695-9630-d4ae00f82c2b/resourceGroups/terrarg/providers/Microsoft.Network/networkInterfaces/appservernic"
                        },
                        "meta": {},
                        "tainted": false
                    },
                    "deposed": [],
                    "provider": "provider.azurerm"
                },
                "azurerm_network_interface_application_security_group_association.dbnic_asg_mount": {
                    "type": "azurerm_network_interface_application_security_group_association",
                    "depends_on": [
                        "azurerm_application_security_group.dbasg",
                        "azurerm_network_interface.dbservernic"
                    ],
                    "primary": {
                        "id": "/subscriptions/80be8cb5-4c2f-4695-9630-d4ae00f82c2b/resourceGroups/terrarg/providers/Microsoft.Network/networkInterfaces/dbservernic/ipConfigurations/dbserver_local_ip|/subscriptions/80be8cb5-4c2f-4695-9630-d4ae00f82c2b/resourceGroups/terrarg/providers/Microsoft.Network/applicationSecurityGroups/dbASG",
                        "attributes": {
                            "application_security_group_id": "/subscriptions/80be8cb5-4c2f-4695-9630-d4ae00f82c2b/resourceGroups/terrarg/providers/Microsoft.Network/applicationSecurityGroups/dbASG",
                            "id": "/subscriptions/80be8cb5-4c2f-4695-9630-d4ae00f82c2b/resourceGroups/terrarg/providers/Microsoft.Network/networkInterfaces/dbservernic/ipConfigurations/dbserver_local_ip|/subscriptions/80be8cb5-4c2f-4695-9630-d4ae00f82c2b/resourceGroups/terrarg/providers/Microsoft.Network/applicationSecurityGroups/dbASG",
                            "ip_configuration_name": "dbserver_local_ip",
                            "network_interface_id": "/subscriptions/80be8cb5-4c2f-4695-9630-d4ae00f82c2b/resourceGroups/terrarg/providers/Microsoft.Network/networkInterfaces/dbservernic"
                        },
                        "meta": {},
                        "tainted": false
                    },
                    "deposed": [],
                    "provider": "provider.azurerm"
                },
                "azurerm_network_interface_application_security_group_association.webnic_asg_mount": {
                    "type": "azurerm_network_interface_application_security_group_association",
                    "depends_on": [
                        "azurerm_application_security_group.webasg",
                        "azurerm_network_interface.webservernic"
                    ],
                    "primary": {
                        "id": "/subscriptions/80be8cb5-4c2f-4695-9630-d4ae00f82c2b/resourceGroups/terrarg/providers/Microsoft.Network/networkInterfaces/webservernic/ipConfigurations/webserver_local_ip|/subscriptions/80be8cb5-4c2f-4695-9630-d4ae00f82c2b/resourceGroups/terrarg/providers/Microsoft.Network/applicationSecurityGroups/webASG",
                        "attributes": {
                            "application_security_group_id": "/subscriptions/80be8cb5-4c2f-4695-9630-d4ae00f82c2b/resourceGroups/terrarg/providers/Microsoft.Network/applicationSecurityGroups/webASG",
                            "id": "/subscriptions/80be8cb5-4c2f-4695-9630-d4ae00f82c2b/resourceGroups/terrarg/providers/Microsoft.Network/networkInterfaces/webservernic/ipConfigurations/webserver_local_ip|/subscriptions/80be8cb5-4c2f-4695-9630-d4ae00f82c2b/resourceGroups/terrarg/providers/Microsoft.Network/applicationSecurityGroups/webASG",
                            "ip_configuration_name": "webserver_local_ip",
                            "network_interface_id": "/subscriptions/80be8cb5-4c2f-4695-9630-d4ae00f82c2b/resourceGroups/terrarg/providers/Microsoft.Network/networkInterfaces/webservernic"
                        },
                        "meta": {},
                        "tainted": false
                    },
                    "deposed": [],
                    "provider": "provider.azurerm"
                },
                "azurerm_network_security_group.privatesnet1NSG": {
                    "type": "azurerm_network_security_group",
                    "depends_on": [
                        "azurerm_application_security_group.appasg",
                        "azurerm_application_security_group.webasg",
                        "azurerm_resource_group.terrarg"
                    ],
                    "primary": {
                        "id": "/subscriptions/80be8cb5-4c2f-4695-9630-d4ae00f82c2b/resourceGroups/terrarg/providers/Microsoft.Network/networkSecurityGroups/privatesnet1NSG",
                        "attributes": {
                            "id": "/subscriptions/80be8cb5-4c2f-4695-9630-d4ae00f82c2b/resourceGroups/terrarg/providers/Microsoft.Network/networkSecurityGroups/privatesnet1NSG",
                            "location": "southindia",
                            "name": "privatesnet1NSG",
                            "resource_group_name": "terrarg",
                            "security_rule.#": "1",
                            "security_rule.2724401603.access": "Allow",
                            "security_rule.2724401603.description": "",
                            "security_rule.2724401603.destination_address_prefix": "",
                            "security_rule.2724401603.destination_address_prefixes.#": "0",
                            "security_rule.2724401603.destination_application_security_group_ids.#": "1",
                            "security_rule.2724401603.destination_application_security_group_ids.1389657885": "/subscriptions/80be8cb5-4c2f-4695-9630-d4ae00f82c2b/resourceGroups/terrarg/providers/Microsoft.Network/applicationSecurityGroups/appASG",
                            "security_rule.2724401603.destination_port_range": "22",
                            "security_rule.2724401603.destination_port_ranges.#": "0",
                            "security_rule.2724401603.direction": "Inbound",
                            "security_rule.2724401603.name": "SSH_Access_From_Web",
                            "security_rule.2724401603.priority": "100",
                            "security_rule.2724401603.protocol": "Tcp",
                            "security_rule.2724401603.source_address_prefix": "",
                            "security_rule.2724401603.source_address_prefixes.#": "0",
                            "security_rule.2724401603.source_application_security_group_ids.#": "1",
                            "security_rule.2724401603.source_application_security_group_ids.3578468733": "/subscriptions/80be8cb5-4c2f-4695-9630-d4ae00f82c2b/resourceGroups/terrarg/providers/Microsoft.Network/applicationSecurityGroups/webASG",
                            "security_rule.2724401603.source_port_range": "*",
                            "security_rule.2724401603.source_port_ranges.#": "0",
                            "tags.%": "1",
                            "tags.environment": "Terraform-Demo"
                        },
                        "meta": {},
                        "tainted": false
                    },
                    "deposed": [],
                    "provider": "provider.azurerm"
                },
                "azurerm_network_security_group.privatesnet2NSG": {
                    "type": "azurerm_network_security_group",
                    "depends_on": [
                        "azurerm_application_security_group.webasg",
                        "azurerm_resource_group.terrarg"
                    ],
                    "primary": {
                        "id": "/subscriptions/80be8cb5-4c2f-4695-9630-d4ae00f82c2b/resourceGroups/terrarg/providers/Microsoft.Network/networkSecurityGroups/privatesnet2NSG",
                        "attributes": {
                            "id": "/subscriptions/80be8cb5-4c2f-4695-9630-d4ae00f82c2b/resourceGroups/terrarg/providers/Microsoft.Network/networkSecurityGroups/privatesnet2NSG",
                            "location": "southindia",
                            "name": "privatesnet2NSG",
                            "resource_group_name": "terrarg",
                            "security_rule.#": "1",
                            "security_rule.3904291125.access": "Allow",
                            "security_rule.3904291125.description": "",
                            "security_rule.3904291125.destination_address_prefix": "",
                            "security_rule.3904291125.destination_address_prefixes.#": "0",
                            "security_rule.3904291125.destination_application_security_group_ids.#": "1",
                            "security_rule.3904291125.destination_application_security_group_ids.3578468733": "/subscriptions/80be8cb5-4c2f-4695-9630-d4ae00f82c2b/resourceGroups/terrarg/providers/Microsoft.Network/applicationSecurityGroups/webASG",
                            "security_rule.3904291125.destination_port_range": "22",
                            "security_rule.3904291125.destination_port_ranges.#": "0",
                            "security_rule.3904291125.direction": "Inbound",
                            "security_rule.3904291125.name": "SSH_Access_From_web",
                            "security_rule.3904291125.priority": "100",
                            "security_rule.3904291125.protocol": "Tcp",
                            "security_rule.3904291125.source_address_prefix": "",
                            "security_rule.3904291125.source_address_prefixes.#": "0",
                            "security_rule.3904291125.source_application_security_group_ids.#": "1",
                            "security_rule.3904291125.source_application_security_group_ids.3578468733": "/subscriptions/80be8cb5-4c2f-4695-9630-d4ae00f82c2b/resourceGroups/terrarg/providers/Microsoft.Network/applicationSecurityGroups/webASG",
                            "security_rule.3904291125.source_port_range": "*",
                            "security_rule.3904291125.source_port_ranges.#": "0",
                            "tags.%": "1",
                            "tags.environment": "Terraform-Demo"
                        },
                        "meta": {},
                        "tainted": false
                    },
                    "deposed": [],
                    "provider": "provider.azurerm"
                },
                "azurerm_network_security_group.pubsnetNSG": {
                    "type": "azurerm_network_security_group",
                    "depends_on": [
                        "azurerm_application_security_group.webasg",
                        "azurerm_resource_group.terrarg"
                    ],
                    "primary": {
                        "id": "/subscriptions/80be8cb5-4c2f-4695-9630-d4ae00f82c2b/resourceGroups/terrarg/providers/Microsoft.Network/networkSecurityGroups/pubsnet1NSG",
                        "attributes": {
                            "id": "/subscriptions/80be8cb5-4c2f-4695-9630-d4ae00f82c2b/resourceGroups/terrarg/providers/Microsoft.Network/networkSecurityGroups/pubsnet1NSG",
                            "location": "southindia",
                            "name": "pubsnet1NSG",
                            "resource_group_name": "terrarg",
                            "security_rule.#": "1",
                            "security_rule.1737441067.access": "Allow",
                            "security_rule.1737441067.description": "",
                            "security_rule.1737441067.destination_address_prefix": "",
                            "security_rule.1737441067.destination_address_prefixes.#": "0",
                            "security_rule.1737441067.destination_application_security_group_ids.#": "1",
                            "security_rule.1737441067.destination_application_security_group_ids.3578468733": "/subscriptions/80be8cb5-4c2f-4695-9630-d4ae00f82c2b/resourceGroups/terrarg/providers/Microsoft.Network/applicationSecurityGroups/webASG",
                            "security_rule.1737441067.destination_port_range": "22",
                            "security_rule.1737441067.destination_port_ranges.#": "0",
                            "security_rule.1737441067.direction": "Inbound",
                            "security_rule.1737441067.name": "SSH_Rule",
                            "security_rule.1737441067.priority": "100",
                            "security_rule.1737441067.protocol": "Tcp",
                            "security_rule.1737441067.source_address_prefix": "*",
                            "security_rule.1737441067.source_address_prefixes.#": "0",
                            "security_rule.1737441067.source_application_security_group_ids.#": "0",
                            "security_rule.1737441067.source_port_range": "*",
                            "security_rule.1737441067.source_port_ranges.#": "0",
                            "tags.%": "1",
                            "tags.environment": "Terraform-Demo"
                        },
                        "meta": {},
                        "tainted": false
                    },
                    "deposed": [],
                    "provider": "provider.azurerm"
                },
                "azurerm_network_security_rule.appaccess": {
                    "type": "azurerm_network_security_rule",
                    "depends_on": [
                        "azurerm_application_security_group.appasg",
                        "azurerm_application_security_group.webasg",
                        "azurerm_network_security_group.privatesnet1NSG",
                        "azurerm_resource_group.terrarg"
                    ],
                    "primary": {
                        "id": "/subscriptions/80be8cb5-4c2f-4695-9630-d4ae00f82c2b/resourceGroups/terrarg/providers/Microsoft.Network/networkSecurityGroups/privatesnet1NSG/securityRules/App_Access",
                        "attributes": {
                            "access": "Allow",
                            "description": "",
                            "destination_address_prefix": "",
                            "destination_address_prefixes.#": "0",
                            "destination_application_security_group_ids.#": "1",
                            "destination_application_security_group_ids.1389657885": "/subscriptions/80be8cb5-4c2f-4695-9630-d4ae00f82c2b/resourceGroups/terrarg/providers/Microsoft.Network/applicationSecurityGroups/appASG",
                            "destination_port_range": "8080",
                            "destination_port_ranges.#": "0",
                            "direction": "Inbound",
                            "id": "/subscriptions/80be8cb5-4c2f-4695-9630-d4ae00f82c2b/resourceGroups/terrarg/providers/Microsoft.Network/networkSecurityGroups/privatesnet1NSG/securityRules/App_Access",
                            "name": "App_Access",
                            "network_security_group_name": "privatesnet1NSG",
                            "priority": "101",
                            "protocol": "Tcp",
                            "resource_group_name": "terrarg",
                            "source_address_prefix": "",
                            "source_address_prefixes.#": "0",
                            "source_application_security_group_ids.#": "1",
                            "source_application_security_group_ids.3578468733": "/subscriptions/80be8cb5-4c2f-4695-9630-d4ae00f82c2b/resourceGroups/terrarg/providers/Microsoft.Network/applicationSecurityGroups/webASG",
                            "source_port_range": "*",
                            "source_port_ranges.#": "0"
                        },
                        "meta": {},
                        "tainted": false
                    },
                    "deposed": [],
                    "provider": "provider.azurerm"
                },
                "azurerm_network_security_rule.dbaccess": {
                    "type": "azurerm_network_security_rule",
                    "depends_on": [
                        "azurerm_application_security_group.appasg",
                        "azurerm_application_security_group.dbasg",
                        "azurerm_network_security_group.privatesnet2NSG",
                        "azurerm_resource_group.terrarg"
                    ],
                    "primary": {
                        "id": "/subscriptions/80be8cb5-4c2f-4695-9630-d4ae00f82c2b/resourceGroups/terrarg/providers/Microsoft.Network/networkSecurityGroups/privatesnet2NSG/securityRules/Database_Access",
                        "attributes": {
                            "access": "Allow",
                            "description": "",
                            "destination_address_prefix": "",
                            "destination_address_prefixes.#": "0",
                            "destination_application_security_group_ids.#": "1",
                            "destination_application_security_group_ids.3330302143": "/subscriptions/80be8cb5-4c2f-4695-9630-d4ae00f82c2b/resourceGroups/terrarg/providers/Microsoft.Network/applicationSecurityGroups/dbASG",
                            "destination_port_range": "3306",
                            "destination_port_ranges.#": "0",
                            "direction": "Inbound",
                            "id": "/subscriptions/80be8cb5-4c2f-4695-9630-d4ae00f82c2b/resourceGroups/terrarg/providers/Microsoft.Network/networkSecurityGroups/privatesnet2NSG/securityRules/Database_Access",
                            "name": "Database_Access",
                            "network_security_group_name": "privatesnet2NSG",
                            "priority": "101",
                            "protocol": "Tcp",
                            "resource_group_name": "terrarg",
                            "source_address_prefix": "",
                            "source_address_prefixes.#": "0",
                            "source_application_security_group_ids.#": "1",
                            "source_application_security_group_ids.1389657885": "/subscriptions/80be8cb5-4c2f-4695-9630-d4ae00f82c2b/resourceGroups/terrarg/providers/Microsoft.Network/applicationSecurityGroups/appASG",
                            "source_port_range": "*",
                            "source_port_ranges.#": "0"
                        },
                        "meta": {},
                        "tainted": false
                    },
                    "deposed": [],
                    "provider": "provider.azurerm"
                },
                "azurerm_network_security_rule.denyallnsg1": {
                    "type": "azurerm_network_security_rule",
                    "depends_on": [
                        "azurerm_network_security_group.pubsnetNSG",
                        "azurerm_resource_group.terrarg"
                    ],
                    "primary": {
                        "id": "/subscriptions/80be8cb5-4c2f-4695-9630-d4ae00f82c2b/resourceGroups/terrarg/providers/Microsoft.Network/networkSecurityGroups/pubsnet1NSG/securityRules/Deny_all_unwanted_Requests",
                        "attributes": {
                            "access": "Allow",
                            "description": "",
                            "destination_address_prefix": "*",
                            "destination_address_prefixes.#": "0",
                            "destination_application_security_group_ids.#": "0",
                            "destination_port_range": "*",
                            "destination_port_ranges.#": "0",
                            "direction": "Inbound",
                            "id": "/subscriptions/80be8cb5-4c2f-4695-9630-d4ae00f82c2b/resourceGroups/terrarg/providers/Microsoft.Network/networkSecurityGroups/pubsnet1NSG/securityRules/Deny_all_unwanted_Requests",
                            "name": "Deny_all_unwanted_Requests",
                            "network_security_group_name": "pubsnet1NSG",
                            "priority": "102",
                            "protocol": "Tcp",
                            "resource_group_name": "terrarg",
                            "source_address_prefix": "*",
                            "source_address_prefixes.#": "0",
                            "source_application_security_group_ids.#": "0",
                            "source_port_range": "*",
                            "source_port_ranges.#": "0"
                        },
                        "meta": {},
                        "tainted": false
                    },
                    "deposed": [],
                    "provider": "provider.azurerm"
                },
                "azurerm_network_security_rule.denyallonnsg2": {
                    "type": "azurerm_network_security_rule",
                    "depends_on": [
                        "azurerm_network_security_group.privatesnet1NSG",
                        "azurerm_resource_group.terrarg"
                    ],
                    "primary": {
                        "id": "/subscriptions/80be8cb5-4c2f-4695-9630-d4ae00f82c2b/resourceGroups/terrarg/providers/Microsoft.Network/networkSecurityGroups/privatesnet1NSG/securityRules/Deny_all_unwanted_requests",
                        "attributes": {
                            "access": "Deny",
                            "description": "",
                            "destination_address_prefix": "*",
                            "destination_address_prefixes.#": "0",
                            "destination_application_security_group_ids.#": "0",
                            "destination_port_range": "*",
                            "destination_port_ranges.#": "0",
                            "direction": "Inbound",
                            "id": "/subscriptions/80be8cb5-4c2f-4695-9630-d4ae00f82c2b/resourceGroups/terrarg/providers/Microsoft.Network/networkSecurityGroups/privatesnet1NSG/securityRules/Deny_all_unwanted_requests",
                            "name": "Deny_all_unwanted_requests",
                            "network_security_group_name": "privatesnet1NSG",
                            "priority": "102",
                            "protocol": "Tcp",
                            "resource_group_name": "terrarg",
                            "source_address_prefix": "*",
                            "source_address_prefixes.#": "0",
                            "source_application_security_group_ids.#": "0",
                            "source_port_range": "*",
                            "source_port_ranges.#": "0"
                        },
                        "meta": {},
                        "tainted": false
                    },
                    "deposed": [],
                    "provider": "provider.azurerm"
                },
                "azurerm_network_security_rule.denyallonnsg3": {
                    "type": "azurerm_network_security_rule",
                    "depends_on": [
                        "azurerm_network_security_group.privatesnet2NSG",
                        "azurerm_resource_group.terrarg"
                    ],
                    "primary": {
                        "id": "/subscriptions/80be8cb5-4c2f-4695-9630-d4ae00f82c2b/resourceGroups/terrarg/providers/Microsoft.Network/networkSecurityGroups/privatesnet2NSG/securityRules/Deny_all_unwanted_requests",
                        "attributes": {
                            "access": "Allow",
                            "description": "",
                            "destination_address_prefix": "*",
                            "destination_address_prefixes.#": "0",
                            "destination_application_security_group_ids.#": "0",
                            "destination_port_range": "*",
                            "destination_port_ranges.#": "0",
                            "direction": "Inbound",
                            "id": "/subscriptions/80be8cb5-4c2f-4695-9630-d4ae00f82c2b/resourceGroups/terrarg/providers/Microsoft.Network/networkSecurityGroups/privatesnet2NSG/securityRules/Deny_all_unwanted_requests",
                            "name": "Deny_all_unwanted_requests",
                            "network_security_group_name": "privatesnet2NSG",
                            "priority": "102",
                            "protocol": "Tcp",
                            "resource_group_name": "terrarg",
                            "source_address_prefix": "*",
                            "source_address_prefixes.#": "0",
                            "source_application_security_group_ids.#": "0",
                            "source_port_range": "*",
                            "source_port_ranges.#": "0"
                        },
                        "meta": {},
                        "tainted": false
                    },
                    "deposed": [],
                    "provider": "provider.azurerm"
                },
                "azurerm_network_security_rule.webaccess": {
                    "type": "azurerm_network_security_rule",
                    "depends_on": [
                        "azurerm_application_security_group.webasg",
                        "azurerm_network_security_group.pubsnetNSG",
                        "azurerm_resource_group.terrarg"
                    ],
                    "primary": {
                        "id": "/subscriptions/80be8cb5-4c2f-4695-9630-d4ae00f82c2b/resourceGroups/terrarg/providers/Microsoft.Network/networkSecurityGroups/pubsnet1NSG/securityRules/web_access",
                        "attributes": {
                            "access": "Allow",
                            "description": "",
                            "destination_address_prefix": "",
                            "destination_address_prefixes.#": "0",
                            "destination_application_security_group_ids.#": "1",
                            "destination_application_security_group_ids.3578468733": "/subscriptions/80be8cb5-4c2f-4695-9630-d4ae00f82c2b/resourceGroups/terrarg/providers/Microsoft.Network/applicationSecurityGroups/webASG",
                            "destination_port_range": "",
                            "destination_port_ranges.#": "2",
                            "destination_port_ranges.1889509032": "80",
                            "destination_port_ranges.3638101695": "443",
                            "direction": "Inbound",
                            "id": "/subscriptions/80be8cb5-4c2f-4695-9630-d4ae00f82c2b/resourceGroups/terrarg/providers/Microsoft.Network/networkSecurityGroups/pubsnet1NSG/securityRules/web_access",
                            "name": "web_access",
                            "network_security_group_name": "pubsnet1NSG",
                            "priority": "101",
                            "protocol": "Tcp",
                            "resource_group_name": "terrarg",
                            "source_address_prefix": "*",
                            "source_address_prefixes.#": "0",
                            "source_application_security_group_ids.#": "0",
                            "source_port_range": "*",
                            "source_port_ranges.#": "0"
                        },
                        "meta": {},
                        "tainted": false
                    },
                    "deposed": [],
                    "provider": "provider.azurerm"
                },
                "azurerm_public_ip.webserver_ip": {
                    "type": "azurerm_public_ip",
                    "depends_on": [
                        "azurerm_resource_group.terrarg"
                    ],
                    "primary": {
                        "id": "/subscriptions/80be8cb5-4c2f-4695-9630-d4ae00f82c2b/resourceGroups/terrarg/providers/Microsoft.Network/publicIPAddresses/webserverIP",
                        "attributes": {
                            "allocation_method": "Dynamic",
                            "id": "/subscriptions/80be8cb5-4c2f-4695-9630-d4ae00f82c2b/resourceGroups/terrarg/providers/Microsoft.Network/publicIPAddresses/webserverIP",
                            "idle_timeout_in_minutes": "4",
                            "ip_address": "",
                            "ip_version": "IPv4",
                            "location": "southindia",
                            "name": "webserverIP",
                            "public_ip_address_allocation": "Dynamic",
                            "resource_group_name": "terrarg",
                            "sku": "Basic",
                            "tags.%": "1",
                            "tags.environment": "Terraform-Demo",
                            "zones.#": "0"
                        },
                        "meta": {},
                        "tainted": false
                    },
                    "deposed": [],
                    "provider": "provider.azurerm"
                },
                "azurerm_resource_group.terrarg": {
                    "type": "azurerm_resource_group",
                    "depends_on": [],
                    "primary": {
                        "id": "/subscriptions/80be8cb5-4c2f-4695-9630-d4ae00f82c2b/resourceGroups/terrarg",
                        "attributes": {
                            "id": "/subscriptions/80be8cb5-4c2f-4695-9630-d4ae00f82c2b/resourceGroups/terrarg",
                            "location": "southindia",
                            "name": "terrarg",
                            "tags.%": "1",
                            "tags.environment": "Terraform-Demo"
                        },
                        "meta": {},
                        "tainted": false
                    },
                    "deposed": [],
                    "provider": "provider.azurerm"
                },
                "azurerm_storage_account.mystorageaccount": {
                    "type": "azurerm_storage_account",
                    "depends_on": [
                        "azurerm_resource_group.terrarg"
                    ],
                    "primary": {
                        "id": "/subscriptions/80be8cb5-4c2f-4695-9630-d4ae00f82c2b/resourceGroups/terrarg/providers/Microsoft.Storage/storageAccounts/tf220190413",
                        "attributes": {
                            "access_tier": "",
                            "account_encryption_source": "Microsoft.Storage",
                            "account_kind": "Storage",
                            "account_replication_type": "LRS",
                            "account_tier": "Standard",
                            "account_type": "Standard_LRS",
                            "enable_blob_encryption": "true",
                            "enable_file_encryption": "true",
                            "enable_https_traffic_only": "false",
                            "id": "/subscriptions/80be8cb5-4c2f-4695-9630-d4ae00f82c2b/resourceGroups/terrarg/providers/Microsoft.Storage/storageAccounts/tf220190413",
                            "identity.#": "0",
                            "is_hns_enabled": "false",
                            "location": "southindia",
                            "name": "tf220190413",
                            "network_rules.#": "0",
                            "primary_access_key": "2N2uVykFdPUgOFjv2+epkcTtl/Mg8HIVxfcxWkYdNPdhJzgx4f3xzHUGaenX9ciZpjj7baNVksltHnapXkVv/g==",
                            "primary_blob_connection_string": "DefaultEndpointsProtocol=https;BlobEndpoint=https://tf220190413.blob.core.windows.net/;AccountName=tf220190413;AccountKey=2N2uVykFdPUgOFjv2+epkcTtl/Mg8HIVxfcxWkYdNPdhJzgx4f3xzHUGaenX9ciZpjj7baNVksltHnapXkVv/g==",
                            "primary_blob_endpoint": "https://tf220190413.blob.core.windows.net/",
                            "primary_blob_host": "tf220190413.blob.core.windows.net",
                            "primary_connection_string": "DefaultEndpointsProtocol=https;AccountName=tf220190413;AccountKey=2N2uVykFdPUgOFjv2+epkcTtl/Mg8HIVxfcxWkYdNPdhJzgx4f3xzHUGaenX9ciZpjj7baNVksltHnapXkVv/g==;EndpointSuffix=core.windows.net",
                            "primary_dfs_endpoint": "",
                            "primary_dfs_host": "",
                            "primary_file_endpoint": "https://tf220190413.file.core.windows.net/",
                            "primary_file_host": "tf220190413.file.core.windows.net",
                            "primary_location": "southindia",
                            "primary_queue_endpoint": "https://tf220190413.queue.core.windows.net/",
                            "primary_queue_host": "tf220190413.queue.core.windows.net",
                            "primary_table_endpoint": "https://tf220190413.table.core.windows.net/",
                            "primary_table_host": "tf220190413.table.core.windows.net",
                            "primary_web_endpoint": "",
                            "primary_web_host": "",
                            "resource_group_name": "terrarg",
                            "secondary_access_key": "FLRMQnQFiawQkvpcCJ2GiWLUc1SpVgQiuA9E9ix6IIh6ZUmInTekI1Vvh/KhPMmJymSA8EkZCIgOS86kD509zA==",
                            "secondary_blob_connection_string": "",
                            "secondary_connection_string": "DefaultEndpointsProtocol=https;AccountName=tf220190413;AccountKey=FLRMQnQFiawQkvpcCJ2GiWLUc1SpVgQiuA9E9ix6IIh6ZUmInTekI1Vvh/KhPMmJymSA8EkZCIgOS86kD509zA==;EndpointSuffix=core.windows.net",
                            "secondary_location": "",
                            "tags.%": "1",
                            "tags.environment": "Terraform-Demo"
                        },
                        "meta": {
                            "schema_version": "2"
                        },
                        "tainted": false
                    },
                    "deposed": [],
                    "provider": "provider.azurerm"
                },
                "azurerm_subnet.privatesnet1": {
                    "type": "azurerm_subnet",
                    "depends_on": [
                        "azurerm_resource_group.terrarg",
                        "azurerm_virtual_network.myterraformvnet"
                    ],
                    "primary": {
                        "id": "/subscriptions/80be8cb5-4c2f-4695-9630-d4ae00f82c2b/resourceGroups/terrarg/providers/Microsoft.Network/virtualNetworks/myterraformvnet/subnets/privatesnet1",
                        "attributes": {
                            "address_prefix": "10.0.1.0/24",
                            "delegation.#": "0",
                            "id": "/subscriptions/80be8cb5-4c2f-4695-9630-d4ae00f82c2b/resourceGroups/terrarg/providers/Microsoft.Network/virtualNetworks/myterraformvnet/subnets/privatesnet1",
                            "ip_configurations.#": "0",
                            "name": "privatesnet1",
                            "network_security_group_id": "",
                            "resource_group_name": "terrarg",
                            "route_table_id": "",
                            "service_endpoints.#": "0",
                            "virtual_network_name": "myterraformvnet"
                        },
                        "meta": {},
                        "tainted": false
                    },
                    "deposed": [],
                    "provider": "provider.azurerm"
                },
                "azurerm_subnet.privatesnet2": {
                    "type": "azurerm_subnet",
                    "depends_on": [
                        "azurerm_resource_group.terrarg",
                        "azurerm_virtual_network.myterraformvnet"
                    ],
                    "primary": {
                        "id": "/subscriptions/80be8cb5-4c2f-4695-9630-d4ae00f82c2b/resourceGroups/terrarg/providers/Microsoft.Network/virtualNetworks/myterraformvnet/subnets/privatesnet2",
                        "attributes": {
                            "address_prefix": "10.0.2.0/24",
                            "delegation.#": "0",
                            "id": "/subscriptions/80be8cb5-4c2f-4695-9630-d4ae00f82c2b/resourceGroups/terrarg/providers/Microsoft.Network/virtualNetworks/myterraformvnet/subnets/privatesnet2",
                            "ip_configurations.#": "0",
                            "name": "privatesnet2",
                            "network_security_group_id": "",
                            "resource_group_name": "terrarg",
                            "route_table_id": "",
                            "service_endpoints.#": "0",
                            "virtual_network_name": "myterraformvnet"
                        },
                        "meta": {},
                        "tainted": false
                    },
                    "deposed": [],
                    "provider": "provider.azurerm"
                },
                "azurerm_subnet.publicsnet1": {
                    "type": "azurerm_subnet",
                    "depends_on": [
                        "azurerm_resource_group.terrarg",
                        "azurerm_virtual_network.myterraformvnet"
                    ],
                    "primary": {
                        "id": "/subscriptions/80be8cb5-4c2f-4695-9630-d4ae00f82c2b/resourceGroups/terrarg/providers/Microsoft.Network/virtualNetworks/myterraformvnet/subnets/publicsnet1",
                        "attributes": {
                            "address_prefix": "10.0.0.0/24",
                            "delegation.#": "0",
                            "id": "/subscriptions/80be8cb5-4c2f-4695-9630-d4ae00f82c2b/resourceGroups/terrarg/providers/Microsoft.Network/virtualNetworks/myterraformvnet/subnets/publicsnet1",
                            "ip_configurations.#": "0",
                            "name": "publicsnet1",
                            "network_security_group_id": "",
                            "resource_group_name": "terrarg",
                            "route_table_id": "",
                            "service_endpoints.#": "0",
                            "virtual_network_name": "myterraformvnet"
                        },
                        "meta": {},
                        "tainted": false
                    },
                    "deposed": [],
                    "provider": "provider.azurerm"
                },
                "azurerm_virtual_machine.appserver": {
                    "type": "azurerm_virtual_machine",
                    "depends_on": [
                        "azurerm_network_interface.appservernic",
                        "azurerm_resource_group.terrarg",
                        "azurerm_storage_account.mystorageaccount"
                    ],
                    "primary": {
                        "id": "/subscriptions/80be8cb5-4c2f-4695-9630-d4ae00f82c2b/resourceGroups/terrarg/providers/Microsoft.Compute/virtualMachines/appserver",
                        "attributes": {
                            "boot_diagnostics.#": "1",
                            "boot_diagnostics.0.enabled": "true",
                            "boot_diagnostics.0.storage_uri": "https://tf220190413.blob.core.windows.net/",
                            "delete_data_disks_on_termination": "true",
                            "delete_os_disk_on_termination": "true",
                            "id": "/subscriptions/80be8cb5-4c2f-4695-9630-d4ae00f82c2b/resourceGroups/terrarg/providers/Microsoft.Compute/virtualMachines/appserver",
                            "identity.#": "0",
                            "location": "southindia",
                            "name": "appserver",
                            "network_interface_ids.#": "1",
                            "network_interface_ids.0": "/subscriptions/80be8cb5-4c2f-4695-9630-d4ae00f82c2b/resourceGroups/terrarg/providers/Microsoft.Network/networkInterfaces/appservernic",
                            "os_profile.#": "1",
                            "os_profile.583437439.admin_password": "",
                            "os_profile.583437439.admin_username": "ubuntu",
                            "os_profile.583437439.computer_name": "appserver",
                            "os_profile.583437439.custom_data": "",
                            "os_profile_linux_config.#": "1",
                            "os_profile_linux_config.2972667452.disable_password_authentication": "false",
                            "os_profile_linux_config.2972667452.ssh_keys.#": "0",
                            "os_profile_secrets.#": "0",
                            "os_profile_windows_config.#": "0",
                            "plan.#": "0",
                            "resource_group_name": "terrarg",
                            "storage_data_disk.#": "0",
                            "storage_image_reference.#": "1",
                            "storage_image_reference.1211973898.id": "",
                            "storage_image_reference.1211973898.offer": "UbuntuServer",
                            "storage_image_reference.1211973898.publisher": "Canonical",
                            "storage_image_reference.1211973898.sku": "18.04-LTS",
                            "storage_image_reference.1211973898.version": "latest",
                            "storage_os_disk.#": "1",
                            "storage_os_disk.0.caching": "ReadWrite",
                            "storage_os_disk.0.create_option": "FromImage",
                            "storage_os_disk.0.disk_size_gb": "30",
                            "storage_os_disk.0.image_uri": "",
                            "storage_os_disk.0.managed_disk_id": "/subscriptions/80be8cb5-4c2f-4695-9630-d4ae00f82c2b/resourceGroups/terrarg/providers/Microsoft.Compute/disks/appserver-osdisk",
                            "storage_os_disk.0.managed_disk_type": "Standard_LRS",
                            "storage_os_disk.0.name": "appserver-osdisk",
                            "storage_os_disk.0.os_type": "Linux",
                            "storage_os_disk.0.vhd_uri": "",
                            "storage_os_disk.0.write_accelerator_enabled": "false",
                            "tags.%": "1",
                            "tags.environment": "Terraform-Demo",
                            "vm_size": "Standard_B1s",
                            "zones.#": "0"
                        },
                        "meta": {},
                        "tainted": false
                    },
                    "deposed": [],
                    "provider": "provider.azurerm"
                },
                "azurerm_virtual_machine.dbserver": {
                    "type": "azurerm_virtual_machine",
                    "depends_on": [
                        "azurerm_network_interface.dbservernic",
                        "azurerm_resource_group.terrarg",
                        "azurerm_storage_account.mystorageaccount"
                    ],
                    "primary": {
                        "id": "/subscriptions/80be8cb5-4c2f-4695-9630-d4ae00f82c2b/resourceGroups/terrarg/providers/Microsoft.Compute/virtualMachines/dbserver",
                        "attributes": {
                            "boot_diagnostics.#": "1",
                            "boot_diagnostics.0.enabled": "true",
                            "boot_diagnostics.0.storage_uri": "https://tf220190413.blob.core.windows.net/",
                            "delete_data_disks_on_termination": "true",
                            "delete_os_disk_on_termination": "true",
                            "id": "/subscriptions/80be8cb5-4c2f-4695-9630-d4ae00f82c2b/resourceGroups/terrarg/providers/Microsoft.Compute/virtualMachines/dbserver",
                            "identity.#": "0",
                            "location": "southindia",
                            "name": "dbserver",
                            "network_interface_ids.#": "1",
                            "network_interface_ids.0": "/subscriptions/80be8cb5-4c2f-4695-9630-d4ae00f82c2b/resourceGroups/terrarg/providers/Microsoft.Network/networkInterfaces/dbservernic",
                            "os_profile.#": "1",
                            "os_profile.3859494816.admin_password": "",
                            "os_profile.3859494816.admin_username": "ubuntu",
                            "os_profile.3859494816.computer_name": "dbserver",
                            "os_profile.3859494816.custom_data": "",
                            "os_profile_linux_config.#": "1",
                            "os_profile_linux_config.2972667452.disable_password_authentication": "false",
                            "os_profile_linux_config.2972667452.ssh_keys.#": "0",
                            "os_profile_secrets.#": "0",
                            "os_profile_windows_config.#": "0",
                            "plan.#": "0",
                            "resource_group_name": "terrarg",
                            "storage_data_disk.#": "0",
                            "storage_image_reference.#": "1",
                            "storage_image_reference.1211973898.id": "",
                            "storage_image_reference.1211973898.offer": "UbuntuServer",
                            "storage_image_reference.1211973898.publisher": "Canonical",
                            "storage_image_reference.1211973898.sku": "18.04-LTS",
                            "storage_image_reference.1211973898.version": "latest",
                            "storage_os_disk.#": "1",
                            "storage_os_disk.0.caching": "ReadWrite",
                            "storage_os_disk.0.create_option": "FromImage",
                            "storage_os_disk.0.disk_size_gb": "30",
                            "storage_os_disk.0.image_uri": "",
                            "storage_os_disk.0.managed_disk_id": "/subscriptions/80be8cb5-4c2f-4695-9630-d4ae00f82c2b/resourceGroups/terrarg/providers/Microsoft.Compute/disks/dbserver-osdisk",
                            "storage_os_disk.0.managed_disk_type": "Standard_LRS",
                            "storage_os_disk.0.name": "dbserver-osdisk",
                            "storage_os_disk.0.os_type": "Linux",
                            "storage_os_disk.0.vhd_uri": "",
                            "storage_os_disk.0.write_accelerator_enabled": "false",
                            "tags.%": "0",
                            "vm_size": "Standard_B1s",
                            "zones.#": "0"
                        },
                        "meta": {},
                        "tainted": false
                    },
                    "deposed": [],
                    "provider": "provider.azurerm"
                },
                "azurerm_virtual_machine.webserver": {
                    "type": "azurerm_virtual_machine",
                    "depends_on": [
                        "azurerm_network_interface.webservernic",
                        "azurerm_resource_group.terrarg",
                        "azurerm_storage_account.mystorageaccount"
                    ],
                    "primary": {
                        "id": "/subscriptions/80be8cb5-4c2f-4695-9630-d4ae00f82c2b/resourceGroups/terrarg/providers/Microsoft.Compute/virtualMachines/webserver",
                        "attributes": {
                            "boot_diagnostics.#": "1",
                            "boot_diagnostics.0.enabled": "true",
                            "boot_diagnostics.0.storage_uri": "https://tf220190413.blob.core.windows.net/",
                            "delete_data_disks_on_termination": "true",
                            "delete_os_disk_on_termination": "true",
                            "id": "/subscriptions/80be8cb5-4c2f-4695-9630-d4ae00f82c2b/resourceGroups/terrarg/providers/Microsoft.Compute/virtualMachines/webserver",
                            "identity.#": "0",
                            "location": "southindia",
                            "name": "webserver",
                            "network_interface_ids.#": "1",
                            "network_interface_ids.0": "/subscriptions/80be8cb5-4c2f-4695-9630-d4ae00f82c2b/resourceGroups/terrarg/providers/Microsoft.Network/networkInterfaces/webservernic",
                            "os_profile.#": "1",
                            "os_profile.3502197944.admin_password": "",
                            "os_profile.3502197944.admin_username": "ubuntu",
                            "os_profile.3502197944.computer_name": "webserver",
                            "os_profile.3502197944.custom_data": "",
                            "os_profile_linux_config.#": "1",
                            "os_profile_linux_config.69840937.disable_password_authentication": "true",
                            "os_profile_linux_config.69840937.ssh_keys.#": "1",
                            "os_profile_linux_config.69840937.ssh_keys.0.key_data": "ssh-rsa AAAAB3NzaC1yc2EAAAADAQABAAABAQDbct+y9X9Km9eh/TUZ3HpgWcPO5BrP1hkA3e8VhjkxtGc/3llTeR2gvIhSGPouykRydAXJPNvQkAUJOwkLG6TbxFixRuNoXrYIhlZKkR7Nmpo7hkukXHbltIqUg5v+eIPM2CN5hcKRWneTlcIRyfIKh7F0ejyBpGpBA24go6VE9kazXoHGr2Hqt0bz7lK66AGYaLNUOqWqk9kHSw2OzQCmurvX8NHyUQ3BIMUxq/leNVY1vQM+jLIiFjiYF3y6VUQO7tNxj/Um8vvaHbAgPbnLVU5gPhPik7ve2dYxiPSOejv5We+rPdoTvY22qrywOAuIuYsNVEPIUSGI9ld4fmZz prem",
                            "os_profile_linux_config.69840937.ssh_keys.0.path": "/home/ubuntu/.ssh/authorized_keys",
                            "os_profile_secrets.#": "0",
                            "os_profile_windows_config.#": "0",
                            "plan.#": "0",
                            "resource_group_name": "terrarg",
                            "storage_data_disk.#": "0",
                            "storage_image_reference.#": "1",
                            "storage_image_reference.1211973898.id": "",
                            "storage_image_reference.1211973898.offer": "UbuntuServer",
                            "storage_image_reference.1211973898.publisher": "Canonical",
                            "storage_image_reference.1211973898.sku": "18.04-LTS",
                            "storage_image_reference.1211973898.version": "latest",
                            "storage_os_disk.#": "1",
                            "storage_os_disk.0.caching": "ReadWrite",
                            "storage_os_disk.0.create_option": "FromImage",
                            "storage_os_disk.0.disk_size_gb": "30",
                            "storage_os_disk.0.image_uri": "",
                            "storage_os_disk.0.managed_disk_id": "/subscriptions/80be8cb5-4c2f-4695-9630-d4ae00f82c2b/resourceGroups/terrarg/providers/Microsoft.Compute/disks/webserver-osdisk",
                            "storage_os_disk.0.managed_disk_type": "Standard_LRS",
                            "storage_os_disk.0.name": "webserver-osdisk",
                            "storage_os_disk.0.os_type": "Linux",
                            "storage_os_disk.0.vhd_uri": "",
                            "storage_os_disk.0.write_accelerator_enabled": "false",
                            "tags.%": "1",
                            "tags.environment": "Terraform-Demo",
                            "vm_size": "Standard_B1s",
                            "zones.#": "0"
                        },
                        "meta": {},
                        "tainted": false
                    },
                    "deposed": [],
                    "provider": "provider.azurerm"
                },
                "azurerm_virtual_network.myterraformvnet": {
                    "type": "azurerm_virtual_network",
                    "depends_on": [
                        "azurerm_resource_group.terrarg"
                    ],
                    "primary": {
                        "id": "/subscriptions/80be8cb5-4c2f-4695-9630-d4ae00f82c2b/resourceGroups/terrarg/providers/Microsoft.Network/virtualNetworks/myterraformvnet",
                        "attributes": {
                            "address_space.#": "1",
                            "address_space.0": "10.0.0.0/16",
                            "ddos_protection_plan.#": "0",
                            "dns_servers.#": "0",
                            "id": "/subscriptions/80be8cb5-4c2f-4695-9630-d4ae00f82c2b/resourceGroups/terrarg/providers/Microsoft.Network/virtualNetworks/myterraformvnet",
                            "location": "southindia",
                            "name": "myterraformvnet",
                            "resource_group_name": "terrarg",
                            "subnet.#": "0",
                            "tags.%": "1",
                            "tags.environment": "Terraform-Demo"
                        },
                        "meta": {},
                        "tainted": false
                    },
                    "deposed": [],
                    "provider": "provider.azurerm"
                }
            },
            "depends_on": []
        }
    ]
}
